<?xml version="1.0" encoding="utf-8"?>
<Project ToolsVersion="4.0" xmlns="http://schemas.microsoft.com/developer/msbuild/2003">
  <ItemGroup>
    <Filter Include="Source Files">
      <UniqueIdentifier>{4FC737F1-C7A5-4376-A066-2A32D752A2FF}</UniqueIdentifier>
      <Extensions>cpp;c;cc;cxx;def;odl;idl;hpj;bat;asm;asmx</Extensions>
    </Filter>
    <Filter Include="Header Files">
      <UniqueIdentifier>{93995380-89BD-4b04-88EB-625FBE52EBFB}</UniqueIdentifier>
      <Extensions>h;hh;hpp;hxx;hm;inl;inc;ipp;xsd</Extensions>
    </Filter>
    <Filter Include="Resource Files">
      <UniqueIdentifier>{67DA6AB6-F800-4c08-8B7A-83BB121AAD01}</UniqueIdentifier>
      <Extensions>rc;ico;cur;bmp;dlg;rc2;rct;bin;rgs;gif;jpg;jpeg;jpe;resx;tiff;tif;png;wav;mfcribbon-ms</Extensions>
    </Filter>
    <Filter Include="Demos">
      <UniqueIdentifier>{97104f9d-1a0b-4240-871a-94757bb3014c}</UniqueIdentifier>
    </Filter>
    <Filter Include="Demos\Demo_01_Init">
      <UniqueIdentifier>{4e36396b-3362-4095-b4ec-dc824601843a}</UniqueIdentifier>
    </Filter>
    <Filter Include="Demos\Demo_02_SimpleCube">
      <UniqueIdentifier>{8d3b4b25-7fcb-4707-b43c-3ce0bb40058c}</UniqueIdentifier>
    </Filter>
    <Filter Include="Demos\Demo_03_TexturedCube">
      <UniqueIdentifier>{e00b7127-daef-4e93-b5c3-565f619e8cbe}</UniqueIdentifier>
    </Filter>
    <Filter Include="Demos\Demo_04_Lighting">
      <UniqueIdentifier>{a432de86-e962-47a1-8236-2c0a14a4ba71}</UniqueIdentifier>
    </Filter>
    <Filter Include="FBX">
      <UniqueIdentifier>{007925c2-fb70-44bc-bd7a-eff74d9fdb61}</UniqueIdentifier>
    </Filter>
    <Filter Include="Demos\Demo_05_MultipleObjects">
      <UniqueIdentifier>{5bb5ad08-85a3-4992-abae-3dbc4b62c0c1}</UniqueIdentifier>
    </Filter>
    <Filter Include="Flecs">
      <UniqueIdentifier>{fb05e1f0-528b-406a-a6cf-3706a7f068ca}</UniqueIdentifier>
    </Filter>
    <Filter Include="GameWorld">
      <UniqueIdentifier>{124c117d-6385-42eb-bb6d-cbf61b97c275}</UniqueIdentifier>
    </Filter>
    <Filter Include="PhysicsWorld">
      <UniqueIdentifier>{535ea16e-9f23-445d-8e54-8ea14e403979}</UniqueIdentifier>
    </Filter>
    <Filter Include="ImGui">
      <UniqueIdentifier>{7cb2a07b-9ec2-4e38-b169-916b673f4926}</UniqueIdentifier>
    </Filter>
    <Filter Include="ImGui\Backends">
      <UniqueIdentifier>{2ed624aa-92e5-4744-8a8d-1e04ac1e4842}</UniqueIdentifier>
    </Filter>
  </ItemGroup>
  <ItemGroup>
    <ClInclude Include="framework.h">
      <Filter>Header Files</Filter>
    </ClInclude>
    <ClInclude Include="targetver.h">
      <Filter>Header Files</Filter>
    </ClInclude>
    <ClInclude Include="Resource.h">
      <Filter>Header Files</Filter>
    </ClInclude>
    <ClInclude Include="LearningDX12.h">
      <Filter>Header Files</Filter>
    </ClInclude>
    <ClInclude Include="d3dx12.h">
      <Filter>Header Files</Filter>
    </ClInclude>
    <ClInclude Include="CommandQueue.h">
      <Filter>Header Files</Filter>
    </ClInclude>
    <ClInclude Include="BaseGameInterface.h">
      <Filter>Header Files</Filter>
    </ClInclude>
    <ClInclude Include="DemoBoxGame.h">
      <Filter>Demos\Demo_02_SimpleCube</Filter>
    </ClInclude>
    <ClInclude Include="DX12App.h">
      <Filter>Demos\Demo_01_Init</Filter>
    </ClInclude>
    <ClInclude Include="TexturedDemoBoxGame.h">
      <Filter>Demos\Demo_03_TexturedCube</Filter>
    </ClInclude>
    <ClInclude Include="LightingTexturedDemoBoxGame.h">
      <Filter>Demos\Demo_04_Lighting</Filter>
    </ClInclude>
    <ClInclude Include="FbxLoader.h">
      <Filter>FBX</Filter>
    </ClInclude>
    <ClInclude Include="MultipleObjectsDemo.h">
      <Filter>Demos\Demo_05_MultipleObjects</Filter>
    </ClInclude>
    <ClInclude Include="flecs.h">
      <Filter>Flecs</Filter>
    </ClInclude>
    <ClInclude Include="GameWorld.h">
      <Filter>GameWorld</Filter>
    </ClInclude>
    <ClInclude Include="PhysicsWorld\PhysxWorld.h">
      <Filter>PhysicsWorld</Filter>
    </ClInclude>
    <ClInclude Include="ImGui\imconfig.h">
      <Filter>ImGui</Filter>
    </ClInclude>
    <ClInclude Include="ImGui\imgui.h">
      <Filter>ImGui</Filter>
    </ClInclude>
    <ClInclude Include="ImGui\imgui_internal.h">
      <Filter>ImGui</Filter>
    </ClInclude>
    <ClInclude Include="ImGui\imstb_rectpack.h">
      <Filter>ImGui</Filter>
    </ClInclude>
    <ClInclude Include="ImGui\imstb_textedit.h">
      <Filter>ImGui</Filter>
    </ClInclude>
    <ClInclude Include="ImGui\imstb_truetype.h">
      <Filter>ImGui</Filter>
    </ClInclude>
    <ClInclude Include="ImGui\backends\imgui_impl_dx12.h">
      <Filter>ImGui\Backends</Filter>
    </ClInclude>
    <ClInclude Include="ImGui\backends\imgui_impl_win32.h">
      <Filter>ImGui\Backends</Filter>
    </ClInclude>
  </ItemGroup>
  <ItemGroup>
    <ClCompile Include="LearningDX12.cpp">
      <Filter>Source Files</Filter>
    </ClCompile>
    <ClCompile Include="CommandQueue.cpp">
      <Filter>Source Files</Filter>
    </ClCompile>
    <ClCompile Include="BaseGameInterface.cpp">
      <Filter>Source Files</Filter>
    </ClCompile>
    <ClCompile Include="DemoBoxGame.cpp">
      <Filter>Demos\Demo_02_SimpleCube</Filter>
    </ClCompile>
    <ClCompile Include="DX12App.cpp">
      <Filter>Demos\Demo_01_Init</Filter>
    </ClCompile>
    <ClCompile Include="TexturedDemoBoxGame.cpp">
      <Filter>Demos\Demo_03_TexturedCube</Filter>
    </ClCompile>
    <ClCompile Include="LightingTexturedDemoBoxGame.cpp">
      <Filter>Demos\Demo_04_Lighting</Filter>
    </ClCompile>
    <ClCompile Include="FbxLoader.cpp">
      <Filter>FBX</Filter>
    </ClCompile>
    <ClCompile Include="MultipleObjectsDemo.cpp">
      <Filter>Demos\Demo_05_MultipleObjects</Filter>
    </ClCompile>
    <ClCompile Include="flecs.c">
      <Filter>Flecs</Filter>
    </ClCompile>
    <ClCompile Include="GameWorld.cpp">
      <Filter>GameWorld</Filter>
    </ClCompile>
    <ClCompile Include="PhysicsWorld\PhysxWorld.cpp">
      <Filter>PhysicsWorld</Filter>
    </ClCompile>
    <ClCompile Include="ImGui\imgui.cpp">
      <Filter>ImGui</Filter>
    </ClCompile>
    <ClCompile Include="ImGui\imgui_demo.cpp">
      <Filter>ImGui</Filter>
    </ClCompile>
    <ClCompile Include="ImGui\imgui_draw.cpp">
      <Filter>ImGui</Filter>
    </ClCompile>
    <ClCompile Include="ImGui\imgui_tables.cpp">
      <Filter>ImGui</Filter>
    </ClCompile>
    <ClCompile Include="ImGui\imgui_widgets.cpp">
      <Filter>ImGui</Filter>
    </ClCompile>
    <ClCompile Include="ImGui\backends\imgui_impl_dx12.cpp">
      <Filter>ImGui\Backends</Filter>
    </ClCompile>
    <ClCompile Include="ImGui\backends\imgui_impl_win32.cpp">
      <Filter>ImGui\Backends</Filter>
    </ClCompile>
  </ItemGroup>
  <ItemGroup>
    <ResourceCompile Include="LearningDX12.rc">
      <Filter>Resource Files</Filter>
    </ResourceCompile>
  </ItemGroup>
  <ItemGroup>
    <Image Include="small.ico">
      <Filter>Resource Files</Filter>
    </Image>
    <Image Include="LearningDX12.ico">
      <Filter>Resource Files</Filter>
    </Image>
  </ItemGroup>
  <ItemGroup>
    <FxCompile Include="VertexShader_Textured.hlsl">
      <Filter>Demos\Demo_03_TexturedCube</Filter>
    </FxCompile>
    <FxCompile Include="PixelShader_Textured.hlsl">
      <Filter>Demos\Demo_03_TexturedCube</Filter>
    </FxCompile>
    <FxCompile Include="VertexShader.hlsl">
      <Filter>Demos\Demo_02_SimpleCube</Filter>
    </FxCompile>
    <FxCompile Include="PixelShader.hlsl">
      <Filter>Demos\Demo_02_SimpleCube</Filter>
    </FxCompile>
    <FxCompile Include="PixelShader_Textured_Light.hlsl">
      <Filter>Demos\Demo_04_Lighting</Filter>
    </FxCompile>
    <FxCompile Include="VertexShader_Textured_Light.hlsl">
      <Filter>Demos\Demo_04_Lighting</Filter>
    </FxCompile>
  </ItemGroup>
  <ItemGroup>
    <CopyFileToFolders Include="texture.jpg">
      <Filter>Demos\Demo_03_TexturedCube</Filter>
    </CopyFileToFolders>
    <CopyFileToFolders Include="model.fbx">
      <Filter>Resource Files</Filter>
    </CopyFileToFolders>
  </ItemGroup>
</Project>